
Microsoft Visual Studio Solution File, Format Version 12.00
# Visual Studio Version 16
VisualStudioVersion = 16.0.29905.134
MinimumVisualStudioVersion = 10.0.40219.1
Project("{FAE04EC0-301F-11D3-BF4B-00C04F79EFBC}") = "TransportApp", "TransportApp.csproj", "{A22001A7-25CA-491E-8861-0810342A3A34}"
EndProject
Project("{FAE04EC0-301F-11D3-BF4B-00C04F79EFBC}") = "EmailServis", "..\EmailServis\EmailServis.csproj", "{2A4B6ED3-8D4C-4FDA-9469-4357841D965D}"
EndProject
Project("{FAE04EC0-301F-11D3-BF4B-00C04F79EFBC}") = "Statistika", "..\Statistika\Statistika.csproj", "{B43C5C5A-CB7A-4816-B3C5-F50016C19C3D}"
EndProject
Global
	GlobalSection(SolutionConfigurationPlatforms) = preSolution
		Debug|Any CPU = Debug|Any CPU
		Release|Any CPU = Release|Any CPU
	EndGlobalSection
	GlobalSection(ProjectConfigurationPlatforms) = postSolution
		{A22001A7-25CA-491E-8861-0810342A3A34}.Debug|Any CPU.ActiveCfg = Debug|Any CPU
		{A22001A7-25CA-491E-8861-0810342A3A34}.Debug|Any CPU.Build.0 = Debug|Any CPU
		{A22001A7-25CA-491E-8861-0810342A3A34}.Release|Any CPU.ActiveCfg = Release|Any CPU
		{A22001A7-25CA-491E-8861-0810342A3A34}.Release|Any CPU.Build.0 = Release|Any CPU
		{2A4B6ED3-8D4C-4FDA-9469-4357841D965D}.Debug|Any CPU.ActiveCfg = Debug|Any CPU
		{2A4B6ED3-8D4C-4FDA-9469-4357841D965D}.Debug|Any CPU.Build.0 = Debug|Any CPU
		{2A4B6ED3-8D4C-4FDA-9469-4357841D965D}.Release|Any CPU.ActiveCfg = Release|Any CPU
		{2A4B6ED3-8D4C-4FDA-9469-4357841D965D}.Release|Any CPU.Build.0 = Release|Any CPU
		{B43C5C5A-CB7A-4816-B3C5-F50016C19C3D}.Debug|Any CPU.ActiveCfg = Debug|Any CPU
		{B43C5C5A-CB7A-4816-B3C5-F50016C19C3D}.Debug|Any CPU.Build.0 = Debug|Any CPU
		{B43C5C5A-CB7A-4816-B3C5-F50016C19C3D}.Release|Any CPU.ActiveCfg = Release|Any CPU
		{B43C5C5A-CB7A-4816-B3C5-F50016C19C3D}.Release|Any CPU.Build.0 = Release|Any CPU
	EndGlobalSection
	GlobalSection(SolutionProperties) = preSolution
		HideSolutionNode = FALSE
	EndGlobalSection
	GlobalSection(ExtensibilityGlobals) = postSolution
		SolutionGuid = {297A6A6A-5893-4FE5-ACF7-B0D5B2EC49D9}
	EndGlobalSection
EndGlobal
